
Microsoft Visual Studio Solution File, Format Version 12.00
# Visual Studio Version 16
VisualStudioVersion = 16.0.31229.75
MinimumVisualStudioVersion = 10.0.40219.1
Project("{D2ABAB84-BF74-430A-B69E-9DC6D40DDA17}") = "zaboj", "zaboj.dwproj", "{18F77B0F-D878-43A2-B738-A86A2568152E}"
EndProject
Global
	GlobalSection(SolutionConfigurationPlatforms) = preSolution
		Development|Default = Development|Default
	EndGlobalSection
	GlobalSection(ProjectConfigurationPlatforms) = postSolution
		{18F77B0F-D878-43A2-B738-A86A2568152E}.Development|Default.ActiveCfg = Development
		{18F77B0F-D878-43A2-B738-A86A2568152E}.Development|Default.Build.0 = Development
		{18F77B0F-D878-43A2-B738-A86A2568152E}.Development|Default.Deploy.0 = Development
	EndGlobalSection
	GlobalSection(SolutionProperties) = preSolution
		HideSolutionNode = FALSE
	EndGlobalSection
	GlobalSection(ExtensibilityGlobals) = postSolution
		SolutionGuid = {2FCAA9BD-D2A9-40BB-8BBC-DC3A32710B90}
	EndGlobalSection
EndGlobal
