
Microsoft Visual Studio Solution File, Format Version 12.00
# Visual Studio Version 16
VisualStudioVersion = 16.0.31112.23
MinimumVisualStudioVersion = 10.0.40219.1
Project("{FAE04EC0-301F-11D3-BF4B-00C04F79EFBC}") = "gRPCserver", "gRPCserver\gRPCserver.csproj", "{35581447-6B03-464C-BA5E-261952B2D318}"
EndProject
Project("{FAE04EC0-301F-11D3-BF4B-00C04F79EFBC}") = "gRPCproto", "gRPCproto\gRPCproto.csproj", "{90E86DDB-497C-497B-8EF4-96A7846718AD}"
EndProject
Project("{FAE04EC0-301F-11D3-BF4B-00C04F79EFBC}") = "gRPCclient", "gRPCclient\gRPCclient.csproj", "{6597FBA0-6EF0-4814-AFF3-C3823E8AC386}"
EndProject
Global
	GlobalSection(SolutionConfigurationPlatforms) = preSolution
		Debug|Any CPU = Debug|Any CPU
		Release|Any CPU = Release|Any CPU
	EndGlobalSection
	GlobalSection(ProjectConfigurationPlatforms) = postSolution
		{35581447-6B03-464C-BA5E-261952B2D318}.Debug|Any CPU.ActiveCfg = Debug|Any CPU
		{35581447-6B03-464C-BA5E-261952B2D318}.Debug|Any CPU.Build.0 = Debug|Any CPU
		{35581447-6B03-464C-BA5E-261952B2D318}.Release|Any CPU.ActiveCfg = Release|Any CPU
		{35581447-6B03-464C-BA5E-261952B2D318}.Release|Any CPU.Build.0 = Release|Any CPU
		{90E86DDB-497C-497B-8EF4-96A7846718AD}.Debug|Any CPU.ActiveCfg = Debug|Any CPU
		{90E86DDB-497C-497B-8EF4-96A7846718AD}.Debug|Any CPU.Build.0 = Debug|Any CPU
		{90E86DDB-497C-497B-8EF4-96A7846718AD}.Release|Any CPU.ActiveCfg = Release|Any CPU
		{90E86DDB-497C-497B-8EF4-96A7846718AD}.Release|Any CPU.Build.0 = Release|Any CPU
		{6597FBA0-6EF0-4814-AFF3-C3823E8AC386}.Debug|Any CPU.ActiveCfg = Debug|Any CPU
		{6597FBA0-6EF0-4814-AFF3-C3823E8AC386}.Debug|Any CPU.Build.0 = Debug|Any CPU
		{6597FBA0-6EF0-4814-AFF3-C3823E8AC386}.Release|Any CPU.ActiveCfg = Release|Any CPU
		{6597FBA0-6EF0-4814-AFF3-C3823E8AC386}.Release|Any CPU.Build.0 = Release|Any CPU
	EndGlobalSection
	GlobalSection(SolutionProperties) = preSolution
		HideSolutionNode = FALSE
	EndGlobalSection
	GlobalSection(ExtensibilityGlobals) = postSolution
		SolutionGuid = {3704382F-6871-4637-9048-7E9366F8F2FB}
	EndGlobalSection
EndGlobal
