
Microsoft Visual Studio Solution File, Format Version 12.00
# Visual Studio Version 16
VisualStudioVersion = 16.0.31112.23
MinimumVisualStudioVersion = 10.0.40219.1
Project("{9A19103F-16F7-4668-BE54-9A1E7A4F7556}") = "gRPCserver", "gRPCserver\gRPCserver.csproj", "{DD77645E-77CA-4FA7-807A-1BE23F97B750}"
EndProject
Project("{FAE04EC0-301F-11D3-BF4B-00C04F79EFBC}") = "gRPCclient", "gRPCclient\gRPCclient.csproj", "{36166364-F93F-46A5-9F8C-B333BD647522}"
EndProject
Project("{FAE04EC0-301F-11D3-BF4B-00C04F79EFBC}") = "gRPCproto", "gRPCproto\gRPCproto.csproj", "{2E757012-E5F4-4D94-98A2-E46B4CF7CAD6}"
EndProject
Global
	GlobalSection(SolutionConfigurationPlatforms) = preSolution
		Debug|Any CPU = Debug|Any CPU
		Release|Any CPU = Release|Any CPU
	EndGlobalSection
	GlobalSection(ProjectConfigurationPlatforms) = postSolution
		{DD77645E-77CA-4FA7-807A-1BE23F97B750}.Debug|Any CPU.ActiveCfg = Debug|Any CPU
		{DD77645E-77CA-4FA7-807A-1BE23F97B750}.Debug|Any CPU.Build.0 = Debug|Any CPU
		{DD77645E-77CA-4FA7-807A-1BE23F97B750}.Release|Any CPU.ActiveCfg = Release|Any CPU
		{DD77645E-77CA-4FA7-807A-1BE23F97B750}.Release|Any CPU.Build.0 = Release|Any CPU
		{36166364-F93F-46A5-9F8C-B333BD647522}.Debug|Any CPU.ActiveCfg = Debug|Any CPU
		{36166364-F93F-46A5-9F8C-B333BD647522}.Debug|Any CPU.Build.0 = Debug|Any CPU
		{36166364-F93F-46A5-9F8C-B333BD647522}.Release|Any CPU.ActiveCfg = Release|Any CPU
		{36166364-F93F-46A5-9F8C-B333BD647522}.Release|Any CPU.Build.0 = Release|Any CPU
		{2E757012-E5F4-4D94-98A2-E46B4CF7CAD6}.Debug|Any CPU.ActiveCfg = Debug|Any CPU
		{2E757012-E5F4-4D94-98A2-E46B4CF7CAD6}.Debug|Any CPU.Build.0 = Debug|Any CPU
		{2E757012-E5F4-4D94-98A2-E46B4CF7CAD6}.Release|Any CPU.ActiveCfg = Release|Any CPU
		{2E757012-E5F4-4D94-98A2-E46B4CF7CAD6}.Release|Any CPU.Build.0 = Release|Any CPU
	EndGlobalSection
	GlobalSection(SolutionProperties) = preSolution
		HideSolutionNode = FALSE
	EndGlobalSection
	GlobalSection(ExtensibilityGlobals) = postSolution
		SolutionGuid = {5C16F19A-66FB-4D71-BB08-02A50B6FA645}
	EndGlobalSection
EndGlobal
