
Microsoft Visual Studio Solution File, Format Version 12.00
# Visual Studio Version 16
VisualStudioVersion = 16.0.31205.134
MinimumVisualStudioVersion = 10.0.40219.1
Project("{D2ABAB84-BF74-430A-B69E-9DC6D40DDA17}") = "MultidimensionalProject1", "MultidimensionalProject1.dwproj", "{C1C2CD26-96B0-45EB-8E7C-7DC93F38C5DB}"
EndProject
Global
	GlobalSection(SolutionConfigurationPlatforms) = preSolution
		Development|Default = Development|Default
	EndGlobalSection
	GlobalSection(ProjectConfigurationPlatforms) = postSolution
		{C1C2CD26-96B0-45EB-8E7C-7DC93F38C5DB}.Development|Default.ActiveCfg = Development
		{C1C2CD26-96B0-45EB-8E7C-7DC93F38C5DB}.Development|Default.Build.0 = Development
		{C1C2CD26-96B0-45EB-8E7C-7DC93F38C5DB}.Development|Default.Deploy.0 = Development
	EndGlobalSection
	GlobalSection(SolutionProperties) = preSolution
		HideSolutionNode = FALSE
	EndGlobalSection
	GlobalSection(ExtensibilityGlobals) = postSolution
		SolutionGuid = {5DF347D6-5858-4FF7-A84E-89E0DAFF0D67}
	EndGlobalSection
EndGlobal
