
Microsoft Visual Studio Solution File, Format Version 12.00
# Visual Studio Version 16
VisualStudioVersion = 16.0.31205.134
MinimumVisualStudioVersion = 10.0.40219.1
Project("{FAE04EC0-301F-11D3-BF4B-00C04F79EFBC}") = "service", "service.csproj", "{319DF022-8B25-4F55-8E03-05AF594B0A6F}"
EndProject
Global
	GlobalSection(SolutionConfigurationPlatforms) = preSolution
		Debug|Any CPU = Debug|Any CPU
		Release|Any CPU = Release|Any CPU
	EndGlobalSection
	GlobalSection(ProjectConfigurationPlatforms) = postSolution
		{319DF022-8B25-4F55-8E03-05AF594B0A6F}.Debug|Any CPU.ActiveCfg = Debug|Any CPU
		{319DF022-8B25-4F55-8E03-05AF594B0A6F}.Debug|Any CPU.Build.0 = Debug|Any CPU
		{319DF022-8B25-4F55-8E03-05AF594B0A6F}.Release|Any CPU.ActiveCfg = Release|Any CPU
		{319DF022-8B25-4F55-8E03-05AF594B0A6F}.Release|Any CPU.Build.0 = Release|Any CPU
	EndGlobalSection
	GlobalSection(SolutionProperties) = preSolution
		HideSolutionNode = FALSE
	EndGlobalSection
	GlobalSection(ExtensibilityGlobals) = postSolution
		SolutionGuid = {2090933C-82FA-447E-A208-957E965FCD96}
	EndGlobalSection
EndGlobal
