
Microsoft Visual Studio Solution File, Format Version 12.00
# Visual Studio Version 16
VisualStudioVersion = 16.0.31112.23
MinimumVisualStudioVersion = 10.0.40219.1
Project("{159641D6-6404-4A2A-AE62-294DE0FE8301}") = "Lab_5", "Lab_5.dtproj", "{28297ABF-0D74-4F16-93D5-8E613EB36857}"
EndProject
Global
	GlobalSection(SolutionConfigurationPlatforms) = preSolution
		Development|Default = Development|Default
	EndGlobalSection
	GlobalSection(ProjectConfigurationPlatforms) = postSolution
		{28297ABF-0D74-4F16-93D5-8E613EB36857}.Development|Default.ActiveCfg = Development
		{28297ABF-0D74-4F16-93D5-8E613EB36857}.Development|Default.Build.0 = Development
	EndGlobalSection
	GlobalSection(SolutionProperties) = preSolution
		HideSolutionNode = FALSE
	EndGlobalSection
	GlobalSection(ExtensibilityGlobals) = postSolution
		SolutionGuid = {F9DD8224-AA02-4E37-B9A4-4E831351E6C1}
	EndGlobalSection
EndGlobal
