
Microsoft Visual Studio Solution File, Format Version 12.00
# Visual Studio 15
VisualStudioVersion = 15.0.28307.902
MinimumVisualStudioVersion = 10.0.40219.1
Project("{8BC9CEB8-8B4A-11D0-8D11-00A0C91BC942}") = "Lab_1", "Lab_1\Lab_1.vcxproj", "{51EF37EE-5994-44D1-BCFD-EEDEB405346D}"
EndProject
Project("{8BC9CEB8-8B4A-11D0-8D11-00A0C91BC942}") = "Lab_2", "Lab_2\Lab_2.vcxproj", "{FADE3CA0-FD72-49C5-8E44-6B234F951714}"
EndProject
Project("{8BC9CEB8-8B4A-11D0-8D11-00A0C91BC942}") = "Lab_3", "Lab_3\Lab_3.vcxproj", "{FDAD7E31-C590-4618-A06C-F2C3851CBFDD}"
EndProject
Project("{8BC9CEB8-8B4A-11D0-8D11-00A0C91BC942}") = "Lab_4", "Lab_4\Lab_4.vcxproj", "{5E484CB4-092B-4F59-B606-D9F626321C1C}"
EndProject
Project("{8BC9CEB8-8B4A-11D0-8D11-00A0C91BC942}") = "Lab_5", "Lab_5\Lab_5.vcxproj", "{7BB5133E-CB7D-4A3B-81A3-A4231AFA84C8}"
EndProject
Project("{8BC9CEB8-8B4A-11D0-8D11-00A0C91BC942}") = "Lab_6", "Lab_6\Lab_6.vcxproj", "{25112BBA-77DF-4FA3-9D27-DC892627F498}"
EndProject
Project("{8BC9CEB8-8B4A-11D0-8D11-00A0C91BC942}") = "Lab_7", "Lab_7\Lab_7.vcxproj", "{A6D9DBFE-F22E-4C11-884E-0753F8E9FE21}"
EndProject
Global
	GlobalSection(SolutionConfigurationPlatforms) = preSolution
		Debug|x64 = Debug|x64
		Debug|x86 = Debug|x86
		Release|x64 = Release|x64
		Release|x86 = Release|x86
	EndGlobalSection
	GlobalSection(ProjectConfigurationPlatforms) = postSolution
		{51EF37EE-5994-44D1-BCFD-EEDEB405346D}.Debug|x64.ActiveCfg = Debug|x64
		{51EF37EE-5994-44D1-BCFD-EEDEB405346D}.Debug|x64.Build.0 = Debug|x64
		{51EF37EE-5994-44D1-BCFD-EEDEB405346D}.Debug|x86.ActiveCfg = Debug|Win32
		{51EF37EE-5994-44D1-BCFD-EEDEB405346D}.Debug|x86.Build.0 = Debug|Win32
		{51EF37EE-5994-44D1-BCFD-EEDEB405346D}.Release|x64.ActiveCfg = Release|x64
		{51EF37EE-5994-44D1-BCFD-EEDEB405346D}.Release|x64.Build.0 = Release|x64
		{51EF37EE-5994-44D1-BCFD-EEDEB405346D}.Release|x86.ActiveCfg = Release|Win32
		{51EF37EE-5994-44D1-BCFD-EEDEB405346D}.Release|x86.Build.0 = Release|Win32
		{FADE3CA0-FD72-49C5-8E44-6B234F951714}.Debug|x64.ActiveCfg = Debug|x64
		{FADE3CA0-FD72-49C5-8E44-6B234F951714}.Debug|x64.Build.0 = Debug|x64
		{FADE3CA0-FD72-49C5-8E44-6B234F951714}.Debug|x86.ActiveCfg = Debug|Win32
		{FADE3CA0-FD72-49C5-8E44-6B234F951714}.Debug|x86.Build.0 = Debug|Win32
		{FADE3CA0-FD72-49C5-8E44-6B234F951714}.Release|x64.ActiveCfg = Release|x64
		{FADE3CA0-FD72-49C5-8E44-6B234F951714}.Release|x64.Build.0 = Release|x64
		{FADE3CA0-FD72-49C5-8E44-6B234F951714}.Release|x86.ActiveCfg = Release|Win32
		{FADE3CA0-FD72-49C5-8E44-6B234F951714}.Release|x86.Build.0 = Release|Win32
		{FDAD7E31-C590-4618-A06C-F2C3851CBFDD}.Debug|x64.ActiveCfg = Debug|x64
		{FDAD7E31-C590-4618-A06C-F2C3851CBFDD}.Debug|x64.Build.0 = Debug|x64
		{FDAD7E31-C590-4618-A06C-F2C3851CBFDD}.Debug|x86.ActiveCfg = Debug|Win32
		{FDAD7E31-C590-4618-A06C-F2C3851CBFDD}.Debug|x86.Build.0 = Debug|Win32
		{FDAD7E31-C590-4618-A06C-F2C3851CBFDD}.Release|x64.ActiveCfg = Release|x64
		{FDAD7E31-C590-4618-A06C-F2C3851CBFDD}.Release|x64.Build.0 = Release|x64
		{FDAD7E31-C590-4618-A06C-F2C3851CBFDD}.Release|x86.ActiveCfg = Release|Win32
		{FDAD7E31-C590-4618-A06C-F2C3851CBFDD}.Release|x86.Build.0 = Release|Win32
		{5E484CB4-092B-4F59-B606-D9F626321C1C}.Debug|x64.ActiveCfg = Debug|x64
		{5E484CB4-092B-4F59-B606-D9F626321C1C}.Debug|x64.Build.0 = Debug|x64
		{5E484CB4-092B-4F59-B606-D9F626321C1C}.Debug|x86.ActiveCfg = Debug|Win32
		{5E484CB4-092B-4F59-B606-D9F626321C1C}.Debug|x86.Build.0 = Debug|Win32
		{5E484CB4-092B-4F59-B606-D9F626321C1C}.Release|x64.ActiveCfg = Release|x64
		{5E484CB4-092B-4F59-B606-D9F626321C1C}.Release|x64.Build.0 = Release|x64
		{5E484CB4-092B-4F59-B606-D9F626321C1C}.Release|x86.ActiveCfg = Release|Win32
		{5E484CB4-092B-4F59-B606-D9F626321C1C}.Release|x86.Build.0 = Release|Win32
		{7BB5133E-CB7D-4A3B-81A3-A4231AFA84C8}.Debug|x64.ActiveCfg = Debug|x64
		{7BB5133E-CB7D-4A3B-81A3-A4231AFA84C8}.Debug|x64.Build.0 = Debug|x64
		{7BB5133E-CB7D-4A3B-81A3-A4231AFA84C8}.Debug|x86.ActiveCfg = Debug|Win32
		{7BB5133E-CB7D-4A3B-81A3-A4231AFA84C8}.Debug|x86.Build.0 = Debug|Win32
		{7BB5133E-CB7D-4A3B-81A3-A4231AFA84C8}.Release|x64.ActiveCfg = Release|x64
		{7BB5133E-CB7D-4A3B-81A3-A4231AFA84C8}.Release|x64.Build.0 = Release|x64
		{7BB5133E-CB7D-4A3B-81A3-A4231AFA84C8}.Release|x86.ActiveCfg = Release|Win32
		{7BB5133E-CB7D-4A3B-81A3-A4231AFA84C8}.Release|x86.Build.0 = Release|Win32
		{25112BBA-77DF-4FA3-9D27-DC892627F498}.Debug|x64.ActiveCfg = Debug|x64
		{25112BBA-77DF-4FA3-9D27-DC892627F498}.Debug|x64.Build.0 = Debug|x64
		{25112BBA-77DF-4FA3-9D27-DC892627F498}.Debug|x86.ActiveCfg = Debug|Win32
		{25112BBA-77DF-4FA3-9D27-DC892627F498}.Debug|x86.Build.0 = Debug|Win32
		{25112BBA-77DF-4FA3-9D27-DC892627F498}.Release|x64.ActiveCfg = Release|x64
		{25112BBA-77DF-4FA3-9D27-DC892627F498}.Release|x64.Build.0 = Release|x64
		{25112BBA-77DF-4FA3-9D27-DC892627F498}.Release|x86.ActiveCfg = Release|Win32
		{25112BBA-77DF-4FA3-9D27-DC892627F498}.Release|x86.Build.0 = Release|Win32
		{A6D9DBFE-F22E-4C11-884E-0753F8E9FE21}.Debug|x64.ActiveCfg = Debug|x64
		{A6D9DBFE-F22E-4C11-884E-0753F8E9FE21}.Debug|x64.Build.0 = Debug|x64
		{A6D9DBFE-F22E-4C11-884E-0753F8E9FE21}.Debug|x86.ActiveCfg = Debug|Win32
		{A6D9DBFE-F22E-4C11-884E-0753F8E9FE21}.Debug|x86.Build.0 = Debug|Win32
		{A6D9DBFE-F22E-4C11-884E-0753F8E9FE21}.Release|x64.ActiveCfg = Release|x64
		{A6D9DBFE-F22E-4C11-884E-0753F8E9FE21}.Release|x64.Build.0 = Release|x64
		{A6D9DBFE-F22E-4C11-884E-0753F8E9FE21}.Release|x86.ActiveCfg = Release|Win32
		{A6D9DBFE-F22E-4C11-884E-0753F8E9FE21}.Release|x86.Build.0 = Release|Win32
	EndGlobalSection
	GlobalSection(SolutionProperties) = preSolution
		HideSolutionNode = FALSE
	EndGlobalSection
	GlobalSection(ExtensibilityGlobals) = postSolution
		SolutionGuid = {0D05F3D6-3BEF-4405-8DD2-B99240F144B5}
	EndGlobalSection
EndGlobal
